
Microsoft Visual Studio Solution File, Format Version 12.00
# Visual Studio Version 16
VisualStudioVersion = 16.0.33801.447
MinimumVisualStudioVersion = 10.0.40219.1
Project("{FAE04EC0-301F-11D3-BF4B-00C04F79EFBC}") = "AdityaBookStore", "AdityaBookStore\AdityaBookStore.csproj", "{68AC8223-9F45-4688-B12D-74FF6D101EBC}"
EndProject
Project("{FAE04EC0-301F-11D3-BF4B-00C04F79EFBC}") = "AdityaBooks.DataAccess", "AdityaBooks.DataAccess\AdityaBooks.DataAccess.csproj", "{57CB5CBE-BBDF-4EF5-B994-107EDFEB9036}"
EndProject
Project("{FAE04EC0-301F-11D3-BF4B-00C04F79EFBC}") = "AdityaBooks.Models", "AdityaBooks.Models\AdityaBooks.Models.csproj", "{FF37728C-9577-4B4F-963A-CE363ECFB391}"
EndProject
Project("{FAE04EC0-301F-11D3-BF4B-00C04F79EFBC}") = "AdityaBooks.Utility", "AdityaBooks.Utility\AdityaBooks.Utility.csproj", "{7FE13ADB-4D21-4E5C-8FE8-F014034644E0}"
EndProject
Global
	GlobalSection(SolutionConfigurationPlatforms) = preSolution
		Debug|Any CPU = Debug|Any CPU
		Release|Any CPU = Release|Any CPU
	EndGlobalSection
	GlobalSection(ProjectConfigurationPlatforms) = postSolution
		{68AC8223-9F45-4688-B12D-74FF6D101EBC}.Debug|Any CPU.ActiveCfg = Debug|Any CPU
		{68AC8223-9F45-4688-B12D-74FF6D101EBC}.Debug|Any CPU.Build.0 = Debug|Any CPU
		{68AC8223-9F45-4688-B12D-74FF6D101EBC}.Release|Any CPU.ActiveCfg = Release|Any CPU
		{68AC8223-9F45-4688-B12D-74FF6D101EBC}.Release|Any CPU.Build.0 = Release|Any CPU
		{57CB5CBE-BBDF-4EF5-B994-107EDFEB9036}.Debug|Any CPU.ActiveCfg = Debug|Any CPU
		{57CB5CBE-BBDF-4EF5-B994-107EDFEB9036}.Debug|Any CPU.Build.0 = Debug|Any CPU
		{57CB5CBE-BBDF-4EF5-B994-107EDFEB9036}.Release|Any CPU.ActiveCfg = Release|Any CPU
		{57CB5CBE-BBDF-4EF5-B994-107EDFEB9036}.Release|Any CPU.Build.0 = Release|Any CPU
		{FF37728C-9577-4B4F-963A-CE363ECFB391}.Debug|Any CPU.ActiveCfg = Debug|Any CPU
		{FF37728C-9577-4B4F-963A-CE363ECFB391}.Debug|Any CPU.Build.0 = Debug|Any CPU
		{FF37728C-9577-4B4F-963A-CE363ECFB391}.Release|Any CPU.ActiveCfg = Release|Any CPU
		{FF37728C-9577-4B4F-963A-CE363ECFB391}.Release|Any CPU.Build.0 = Release|Any CPU
		{7FE13ADB-4D21-4E5C-8FE8-F014034644E0}.Debug|Any CPU.ActiveCfg = Debug|Any CPU
		{7FE13ADB-4D21-4E5C-8FE8-F014034644E0}.Debug|Any CPU.Build.0 = Debug|Any CPU
		{7FE13ADB-4D21-4E5C-8FE8-F014034644E0}.Release|Any CPU.ActiveCfg = Release|Any CPU
		{7FE13ADB-4D21-4E5C-8FE8-F014034644E0}.Release|Any CPU.Build.0 = Release|Any CPU
	EndGlobalSection
	GlobalSection(SolutionProperties) = preSolution
		HideSolutionNode = FALSE
	EndGlobalSection
	GlobalSection(ExtensibilityGlobals) = postSolution
		SolutionGuid = {1D98472B-D364-4693-970A-E7BAC23B90CC}
	EndGlobalSection
EndGlobal
